
Microsoft Visual Studio Solution File, Format Version 12.00
Project("{FAE04EC0-301F-11D3-BF4B-00C04F79EFBC}") = "Essence.Ioc", "Essence.Ioc\Essence.Ioc.csproj", "{5E0983AC-D85E-4B5A-B6BD-67FE06B1AB14}"
EndProject
Project("{FAE04EC0-301F-11D3-BF4B-00C04F79EFBC}") = "Essence.Ioc.UnitTests", "Essence.Ioc.UnitTests\Essence.Ioc.UnitTests.csproj", "{DF42F415-46BC-4E6E-B418-2CD06EEE83A8}"
EndProject
Project("{FAE04EC0-301F-11D3-BF4B-00C04F79EFBC}") = "Essence.Framework", "Essence.Framework\Essence.Framework.csproj", "{2B378AB6-8405-4850-9514-50C829CDEA6C}"
EndProject
Project("{FAE04EC0-301F-11D3-BF4B-00C04F79EFBC}") = "Essence.Framework.UnitTests", "Essence.Framework.UnitTests\Essence.Framework.UnitTests.csproj", "{BFE3591B-5715-429C-8F57-03F14F9EDEC6}"
EndProject
Project("{FAE04EC0-301F-11D3-BF4B-00C04F79EFBC}") = "Essence.Ioc.PerformanceTests", "Essence.Ioc.PerformanceTests\Essence.Ioc.PerformanceTests.csproj", "{ABA1068F-B695-4216-A7FE-FE1FD73D2977}"
EndProject
Project("{FAE04EC0-301F-11D3-BF4B-00C04F79EFBC}") = "Essence.Ioc.FluentRegistration", "Essence.Ioc.FluentRegistration\Essence.Ioc.FluentRegistration.csproj", "{88B1C021-1199-4EC3-8D61-DABAE7B1F1D3}"
EndProject
Project("{FAE04EC0-301F-11D3-BF4B-00C04F79EFBC}") = "Essence.Ioc.ExtendableRegistration", "Essence.Ioc.ExtendableRegistration\Essence.Ioc.ExtendableRegistration.csproj", "{C1631570-CD83-4E00-8BCC-8F71C8722142}"
EndProject
Global
	GlobalSection(SolutionConfigurationPlatforms) = preSolution
		Debug|Any CPU = Debug|Any CPU
		Release|Any CPU = Release|Any CPU
	EndGlobalSection
	GlobalSection(ProjectConfigurationPlatforms) = postSolution
		{5E0983AC-D85E-4B5A-B6BD-67FE06B1AB14}.Debug|Any CPU.ActiveCfg = Debug|Any CPU
		{5E0983AC-D85E-4B5A-B6BD-67FE06B1AB14}.Debug|Any CPU.Build.0 = Debug|Any CPU
		{5E0983AC-D85E-4B5A-B6BD-67FE06B1AB14}.Release|Any CPU.ActiveCfg = Release|Any CPU
		{5E0983AC-D85E-4B5A-B6BD-67FE06B1AB14}.Release|Any CPU.Build.0 = Release|Any CPU
		{DF42F415-46BC-4E6E-B418-2CD06EEE83A8}.Debug|Any CPU.ActiveCfg = Debug|Any CPU
		{DF42F415-46BC-4E6E-B418-2CD06EEE83A8}.Debug|Any CPU.Build.0 = Debug|Any CPU
		{DF42F415-46BC-4E6E-B418-2CD06EEE83A8}.Release|Any CPU.ActiveCfg = Release|Any CPU
		{DF42F415-46BC-4E6E-B418-2CD06EEE83A8}.Release|Any CPU.Build.0 = Release|Any CPU
		{2B378AB6-8405-4850-9514-50C829CDEA6C}.Debug|Any CPU.ActiveCfg = Debug|Any CPU
		{2B378AB6-8405-4850-9514-50C829CDEA6C}.Debug|Any CPU.Build.0 = Debug|Any CPU
		{2B378AB6-8405-4850-9514-50C829CDEA6C}.Release|Any CPU.ActiveCfg = Release|Any CPU
		{2B378AB6-8405-4850-9514-50C829CDEA6C}.Release|Any CPU.Build.0 = Release|Any CPU
		{BFE3591B-5715-429C-8F57-03F14F9EDEC6}.Debug|Any CPU.ActiveCfg = Debug|Any CPU
		{BFE3591B-5715-429C-8F57-03F14F9EDEC6}.Debug|Any CPU.Build.0 = Debug|Any CPU
		{BFE3591B-5715-429C-8F57-03F14F9EDEC6}.Release|Any CPU.ActiveCfg = Release|Any CPU
		{BFE3591B-5715-429C-8F57-03F14F9EDEC6}.Release|Any CPU.Build.0 = Release|Any CPU
		{ABA1068F-B695-4216-A7FE-FE1FD73D2977}.Debug|Any CPU.ActiveCfg = Debug|Any CPU
		{ABA1068F-B695-4216-A7FE-FE1FD73D2977}.Debug|Any CPU.Build.0 = Debug|Any CPU
		{ABA1068F-B695-4216-A7FE-FE1FD73D2977}.Release|Any CPU.ActiveCfg = Release|Any CPU
		{ABA1068F-B695-4216-A7FE-FE1FD73D2977}.Release|Any CPU.Build.0 = Release|Any CPU
		{88B1C021-1199-4EC3-8D61-DABAE7B1F1D3}.Debug|Any CPU.ActiveCfg = Debug|Any CPU
		{88B1C021-1199-4EC3-8D61-DABAE7B1F1D3}.Debug|Any CPU.Build.0 = Debug|Any CPU
		{88B1C021-1199-4EC3-8D61-DABAE7B1F1D3}.Release|Any CPU.ActiveCfg = Release|Any CPU
		{88B1C021-1199-4EC3-8D61-DABAE7B1F1D3}.Release|Any CPU.Build.0 = Release|Any CPU
		{C1631570-CD83-4E00-8BCC-8F71C8722142}.Debug|Any CPU.ActiveCfg = Debug|Any CPU
		{C1631570-CD83-4E00-8BCC-8F71C8722142}.Debug|Any CPU.Build.0 = Debug|Any CPU
		{C1631570-CD83-4E00-8BCC-8F71C8722142}.Release|Any CPU.ActiveCfg = Release|Any CPU
		{C1631570-CD83-4E00-8BCC-8F71C8722142}.Release|Any CPU.Build.0 = Release|Any CPU
	EndGlobalSection
EndGlobal
